
Microsoft Visual Studio Solution File, Format Version 12.00
# Visual Studio Version 16
VisualStudioVersion = 16.0.30804.86
MinimumVisualStudioVersion = 10.0.40219.1
Project("{888888A0-9F3D-457C-B088-3A5042F75D52}") = "CSV", "CSV\CSV.pyproj", "{D3C6EFA9-6886-48B5-AD08-E3685A2C910D}"
EndProject
Global
	GlobalSection(SolutionConfigurationPlatforms) = preSolution
		Debug|Any CPU = Debug|Any CPU
		Release|Any CPU = Release|Any CPU
	EndGlobalSection
	GlobalSection(ProjectConfigurationPlatforms) = postSolution
		{D3C6EFA9-6886-48B5-AD08-E3685A2C910D}.Debug|Any CPU.ActiveCfg = Debug|Any CPU
		{D3C6EFA9-6886-48B5-AD08-E3685A2C910D}.Release|Any CPU.ActiveCfg = Release|Any CPU
	EndGlobalSection
	GlobalSection(SolutionProperties) = preSolution
		HideSolutionNode = FALSE
	EndGlobalSection
	GlobalSection(ExtensibilityGlobals) = postSolution
		SolutionGuid = {52B10A56-1222-4B77-920F-5C506A5530FA}
	EndGlobalSection
EndGlobal
